
Microsoft Visual Studio Solution File, Format Version 12.00
# Visual Studio 14
VisualStudioVersion = 14.0.25420.1
MinimumVisualStudioVersion = 10.0.40219.1
Project("{D954291E-2A0B-460D-934E-DC6B0785DB48}") = "MDSD.FluentNav.Example", "MDSD.FluentNav.Example\MDSD.FluentNav.Example\MDSD.FluentNav.Example.shproj", "{52A7B2D2-4AE6-4415-98E9-85A0BAEE53E9}"
EndProject
Project("{FAE04EC0-301F-11D3-BF4B-00C04F79EFBC}") = "MDSD.FluentNav.Example.Droid", "MDSD.FluentNav.Example\MDSD.FluentNav.Example.Droid\MDSD.FluentNav.Example.Droid.csproj", "{EAD7B093-9D73-4B55-83DB-DD5A1A607911}"
EndProject
Project("{FAE04EC0-301F-11D3-BF4B-00C04F79EFBC}") = "MDSD.FluentNav.Example.iOS", "MDSD.FluentNav.Example\MDSD.FluentNav.Example.iOS\MDSD.FluentNav.Example.iOS.csproj", "{DB135C6C-AF27-4601-AC03-BEE5B10FA90E}"
EndProject
Project("{FAE04EC0-301F-11D3-BF4B-00C04F79EFBC}") = "MDSD.FluentNav", "MDSD.FluentNav\MDSD.FluentNav.csproj", "{41540215-8573-48BF-8D63-C4786C2678EB}"
EndProject
Project("{FAE04EC0-301F-11D3-BF4B-00C04F79EFBC}") = "MDSD.FluentNav.Builder.iOS", "MDSD.FluentNav.Builder.iOS\MDSD.FluentNav.Builder.iOS.csproj", "{7E062B98-99F7-4E7A-ADCD-72D5032A0CD5}"
EndProject
Project("{FAE04EC0-301F-11D3-BF4B-00C04F79EFBC}") = "MDSD.FluentNav.Builder.Droid", "MDSD.FluentNav.Builder.Droid\MDSD.FluentNav.Builder.Droid.csproj", "{D963CC13-1083-4C59-9C0E-A3B6C1D749F2}"
EndProject
Project("{2150E333-8FDC-42A3-9474-1A3956D46DE8}") = "Solution Items", "Solution Items", "{E88DAA92-5918-40B1-B77F-45A09719D922}"
	ProjectSection(SolutionItems) = preProject
		README.md = README.md
	EndProjectSection
EndProject
Global
	GlobalSection(SharedMSBuildProjectFiles) = preSolution
		MDSD.FluentNav.Example\MDSD.FluentNav.Example\MDSD.FluentNav.Example.projitems*{52a7b2d2-4ae6-4415-98e9-85a0baee53e9}*SharedItemsImports = 13
		MDSD.FluentNav.Example\MDSD.FluentNav.Example\MDSD.FluentNav.Example.projitems*{db135c6c-af27-4601-ac03-bee5b10fa90e}*SharedItemsImports = 4
		MDSD.FluentNav.Example\MDSD.FluentNav.Example\MDSD.FluentNav.Example.projitems*{ead7b093-9d73-4b55-83db-dd5a1a607911}*SharedItemsImports = 4
	EndGlobalSection
	GlobalSection(SolutionConfigurationPlatforms) = preSolution
		Ad-Hoc|Any CPU = Ad-Hoc|Any CPU
		Ad-Hoc|iPhone = Ad-Hoc|iPhone
		Ad-Hoc|iPhoneSimulator = Ad-Hoc|iPhoneSimulator
		AppStore|Any CPU = AppStore|Any CPU
		AppStore|iPhone = AppStore|iPhone
		AppStore|iPhoneSimulator = AppStore|iPhoneSimulator
		Debug|Any CPU = Debug|Any CPU
		Debug|iPhone = Debug|iPhone
		Debug|iPhoneSimulator = Debug|iPhoneSimulator
		Release|Any CPU = Release|Any CPU
		Release|iPhone = Release|iPhone
		Release|iPhoneSimulator = Release|iPhoneSimulator
	EndGlobalSection
	GlobalSection(ProjectConfigurationPlatforms) = postSolution
		{EAD7B093-9D73-4B55-83DB-DD5A1A607911}.Ad-Hoc|Any CPU.ActiveCfg = Release|Any CPU
		{EAD7B093-9D73-4B55-83DB-DD5A1A607911}.Ad-Hoc|Any CPU.Build.0 = Release|Any CPU
		{EAD7B093-9D73-4B55-83DB-DD5A1A607911}.Ad-Hoc|Any CPU.Deploy.0 = Release|Any CPU
		{EAD7B093-9D73-4B55-83DB-DD5A1A607911}.Ad-Hoc|iPhone.ActiveCfg = Release|Any CPU
		{EAD7B093-9D73-4B55-83DB-DD5A1A607911}.Ad-Hoc|iPhone.Build.0 = Release|Any CPU
		{EAD7B093-9D73-4B55-83DB-DD5A1A607911}.Ad-Hoc|iPhone.Deploy.0 = Release|Any CPU
		{EAD7B093-9D73-4B55-83DB-DD5A1A607911}.Ad-Hoc|iPhoneSimulator.ActiveCfg = Release|Any CPU
		{EAD7B093-9D73-4B55-83DB-DD5A1A607911}.Ad-Hoc|iPhoneSimulator.Build.0 = Release|Any CPU
		{EAD7B093-9D73-4B55-83DB-DD5A1A607911}.Ad-Hoc|iPhoneSimulator.Deploy.0 = Release|Any CPU
		{EAD7B093-9D73-4B55-83DB-DD5A1A607911}.AppStore|Any CPU.ActiveCfg = Release|Any CPU
		{EAD7B093-9D73-4B55-83DB-DD5A1A607911}.AppStore|Any CPU.Build.0 = Release|Any CPU
		{EAD7B093-9D73-4B55-83DB-DD5A1A607911}.AppStore|Any CPU.Deploy.0 = Release|Any CPU
		{EAD7B093-9D73-4B55-83DB-DD5A1A607911}.AppStore|iPhone.ActiveCfg = Release|Any CPU
		{EAD7B093-9D73-4B55-83DB-DD5A1A607911}.AppStore|iPhone.Build.0 = Release|Any CPU
		{EAD7B093-9D73-4B55-83DB-DD5A1A607911}.AppStore|iPhone.Deploy.0 = Release|Any CPU
		{EAD7B093-9D73-4B55-83DB-DD5A1A607911}.AppStore|iPhoneSimulator.ActiveCfg = Release|Any CPU
		{EAD7B093-9D73-4B55-83DB-DD5A1A607911}.AppStore|iPhoneSimulator.Build.0 = Release|Any CPU
		{EAD7B093-9D73-4B55-83DB-DD5A1A607911}.AppStore|iPhoneSimulator.Deploy.0 = Release|Any CPU
		{EAD7B093-9D73-4B55-83DB-DD5A1A607911}.Debug|Any CPU.ActiveCfg = Debug|Any CPU
		{EAD7B093-9D73-4B55-83DB-DD5A1A607911}.Debug|Any CPU.Build.0 = Debug|Any CPU
		{EAD7B093-9D73-4B55-83DB-DD5A1A607911}.Debug|Any CPU.Deploy.0 = Debug|Any CPU
		{EAD7B093-9D73-4B55-83DB-DD5A1A607911}.Debug|iPhone.ActiveCfg = Debug|Any CPU
		{EAD7B093-9D73-4B55-83DB-DD5A1A607911}.Debug|iPhone.Build.0 = Debug|Any CPU
		{EAD7B093-9D73-4B55-83DB-DD5A1A607911}.Debug|iPhone.Deploy.0 = Debug|Any CPU
		{EAD7B093-9D73-4B55-83DB-DD5A1A607911}.Debug|iPhoneSimulator.ActiveCfg = Debug|Any CPU
		{EAD7B093-9D73-4B55-83DB-DD5A1A607911}.Debug|iPhoneSimulator.Build.0 = Debug|Any CPU
		{EAD7B093-9D73-4B55-83DB-DD5A1A607911}.Debug|iPhoneSimulator.Deploy.0 = Debug|Any CPU
		{EAD7B093-9D73-4B55-83DB-DD5A1A607911}.Release|Any CPU.ActiveCfg = Release|Any CPU
		{EAD7B093-9D73-4B55-83DB-DD5A1A607911}.Release|Any CPU.Build.0 = Release|Any CPU
		{EAD7B093-9D73-4B55-83DB-DD5A1A607911}.Release|Any CPU.Deploy.0 = Release|Any CPU
		{EAD7B093-9D73-4B55-83DB-DD5A1A607911}.Release|iPhone.ActiveCfg = Release|Any CPU
		{EAD7B093-9D73-4B55-83DB-DD5A1A607911}.Release|iPhone.Build.0 = Release|Any CPU
		{EAD7B093-9D73-4B55-83DB-DD5A1A607911}.Release|iPhone.Deploy.0 = Release|Any CPU
		{EAD7B093-9D73-4B55-83DB-DD5A1A607911}.Release|iPhoneSimulator.ActiveCfg = Release|Any CPU
		{EAD7B093-9D73-4B55-83DB-DD5A1A607911}.Release|iPhoneSimulator.Build.0 = Release|Any CPU
		{EAD7B093-9D73-4B55-83DB-DD5A1A607911}.Release|iPhoneSimulator.Deploy.0 = Release|Any CPU
		{DB135C6C-AF27-4601-AC03-BEE5B10FA90E}.Ad-Hoc|Any CPU.ActiveCfg = Ad-Hoc|iPhone
		{DB135C6C-AF27-4601-AC03-BEE5B10FA90E}.Ad-Hoc|iPhone.ActiveCfg = Ad-Hoc|iPhone
		{DB135C6C-AF27-4601-AC03-BEE5B10FA90E}.Ad-Hoc|iPhone.Build.0 = Ad-Hoc|iPhone
		{DB135C6C-AF27-4601-AC03-BEE5B10FA90E}.Ad-Hoc|iPhoneSimulator.ActiveCfg = Ad-Hoc|iPhoneSimulator
		{DB135C6C-AF27-4601-AC03-BEE5B10FA90E}.Ad-Hoc|iPhoneSimulator.Build.0 = Ad-Hoc|iPhoneSimulator
		{DB135C6C-AF27-4601-AC03-BEE5B10FA90E}.AppStore|Any CPU.ActiveCfg = AppStore|iPhone
		{DB135C6C-AF27-4601-AC03-BEE5B10FA90E}.AppStore|iPhone.ActiveCfg = AppStore|iPhone
		{DB135C6C-AF27-4601-AC03-BEE5B10FA90E}.AppStore|iPhone.Build.0 = AppStore|iPhone
		{DB135C6C-AF27-4601-AC03-BEE5B10FA90E}.AppStore|iPhoneSimulator.ActiveCfg = AppStore|iPhoneSimulator
		{DB135C6C-AF27-4601-AC03-BEE5B10FA90E}.AppStore|iPhoneSimulator.Build.0 = AppStore|iPhoneSimulator
		{DB135C6C-AF27-4601-AC03-BEE5B10FA90E}.Debug|Any CPU.ActiveCfg = Debug|iPhone
		{DB135C6C-AF27-4601-AC03-BEE5B10FA90E}.Debug|iPhone.ActiveCfg = Debug|iPhone
		{DB135C6C-AF27-4601-AC03-BEE5B10FA90E}.Debug|iPhone.Build.0 = Debug|iPhone
		{DB135C6C-AF27-4601-AC03-BEE5B10FA90E}.Debug|iPhoneSimulator.ActiveCfg = Debug|iPhoneSimulator
		{DB135C6C-AF27-4601-AC03-BEE5B10FA90E}.Debug|iPhoneSimulator.Build.0 = Debug|iPhoneSimulator
		{DB135C6C-AF27-4601-AC03-BEE5B10FA90E}.Release|Any CPU.ActiveCfg = Release|iPhone
		{DB135C6C-AF27-4601-AC03-BEE5B10FA90E}.Release|iPhone.ActiveCfg = Release|iPhone
		{DB135C6C-AF27-4601-AC03-BEE5B10FA90E}.Release|iPhone.Build.0 = Release|iPhone
		{DB135C6C-AF27-4601-AC03-BEE5B10FA90E}.Release|iPhoneSimulator.ActiveCfg = Release|iPhoneSimulator
		{DB135C6C-AF27-4601-AC03-BEE5B10FA90E}.Release|iPhoneSimulator.Build.0 = Release|iPhoneSimulator
		{41540215-8573-48BF-8D63-C4786C2678EB}.Ad-Hoc|Any CPU.ActiveCfg = Release|Any CPU
		{41540215-8573-48BF-8D63-C4786C2678EB}.Ad-Hoc|Any CPU.Build.0 = Release|Any CPU
		{41540215-8573-48BF-8D63-C4786C2678EB}.Ad-Hoc|iPhone.ActiveCfg = Release|Any CPU
		{41540215-8573-48BF-8D63-C4786C2678EB}.Ad-Hoc|iPhone.Build.0 = Release|Any CPU
		{41540215-8573-48BF-8D63-C4786C2678EB}.Ad-Hoc|iPhoneSimulator.ActiveCfg = Release|Any CPU
		{41540215-8573-48BF-8D63-C4786C2678EB}.Ad-Hoc|iPhoneSimulator.Build.0 = Release|Any CPU
		{41540215-8573-48BF-8D63-C4786C2678EB}.AppStore|Any CPU.ActiveCfg = Release|Any CPU
		{41540215-8573-48BF-8D63-C4786C2678EB}.AppStore|Any CPU.Build.0 = Release|Any CPU
		{41540215-8573-48BF-8D63-C4786C2678EB}.AppStore|iPhone.ActiveCfg = Release|Any CPU
		{41540215-8573-48BF-8D63-C4786C2678EB}.AppStore|iPhone.Build.0 = Release|Any CPU
		{41540215-8573-48BF-8D63-C4786C2678EB}.AppStore|iPhoneSimulator.ActiveCfg = Release|Any CPU
		{41540215-8573-48BF-8D63-C4786C2678EB}.AppStore|iPhoneSimulator.Build.0 = Release|Any CPU
		{41540215-8573-48BF-8D63-C4786C2678EB}.Debug|Any CPU.ActiveCfg = Debug|Any CPU
		{41540215-8573-48BF-8D63-C4786C2678EB}.Debug|Any CPU.Build.0 = Debug|Any CPU
		{41540215-8573-48BF-8D63-C4786C2678EB}.Debug|iPhone.ActiveCfg = Debug|Any CPU
		{41540215-8573-48BF-8D63-C4786C2678EB}.Debug|iPhone.Build.0 = Debug|Any CPU
		{41540215-8573-48BF-8D63-C4786C2678EB}.Debug|iPhoneSimulator.ActiveCfg = Debug|Any CPU
		{41540215-8573-48BF-8D63-C4786C2678EB}.Debug|iPhoneSimulator.Build.0 = Debug|Any CPU
		{41540215-8573-48BF-8D63-C4786C2678EB}.Release|Any CPU.ActiveCfg = Release|Any CPU
		{41540215-8573-48BF-8D63-C4786C2678EB}.Release|Any CPU.Build.0 = Release|Any CPU
		{41540215-8573-48BF-8D63-C4786C2678EB}.Release|iPhone.ActiveCfg = Release|Any CPU
		{41540215-8573-48BF-8D63-C4786C2678EB}.Release|iPhone.Build.0 = Release|Any CPU
		{41540215-8573-48BF-8D63-C4786C2678EB}.Release|iPhoneSimulator.ActiveCfg = Release|Any CPU
		{41540215-8573-48BF-8D63-C4786C2678EB}.Release|iPhoneSimulator.Build.0 = Release|Any CPU
		{7E062B98-99F7-4E7A-ADCD-72D5032A0CD5}.Ad-Hoc|Any CPU.ActiveCfg = Release|Any CPU
		{7E062B98-99F7-4E7A-ADCD-72D5032A0CD5}.Ad-Hoc|Any CPU.Build.0 = Release|Any CPU
		{7E062B98-99F7-4E7A-ADCD-72D5032A0CD5}.Ad-Hoc|iPhone.ActiveCfg = Release|Any CPU
		{7E062B98-99F7-4E7A-ADCD-72D5032A0CD5}.Ad-Hoc|iPhone.Build.0 = Release|Any CPU
		{7E062B98-99F7-4E7A-ADCD-72D5032A0CD5}.Ad-Hoc|iPhoneSimulator.ActiveCfg = Release|Any CPU
		{7E062B98-99F7-4E7A-ADCD-72D5032A0CD5}.Ad-Hoc|iPhoneSimulator.Build.0 = Release|Any CPU
		{7E062B98-99F7-4E7A-ADCD-72D5032A0CD5}.AppStore|Any CPU.ActiveCfg = Release|Any CPU
		{7E062B98-99F7-4E7A-ADCD-72D5032A0CD5}.AppStore|Any CPU.Build.0 = Release|Any CPU
		{7E062B98-99F7-4E7A-ADCD-72D5032A0CD5}.AppStore|iPhone.ActiveCfg = Release|Any CPU
		{7E062B98-99F7-4E7A-ADCD-72D5032A0CD5}.AppStore|iPhone.Build.0 = Release|Any CPU
		{7E062B98-99F7-4E7A-ADCD-72D5032A0CD5}.AppStore|iPhoneSimulator.ActiveCfg = Release|Any CPU
		{7E062B98-99F7-4E7A-ADCD-72D5032A0CD5}.AppStore|iPhoneSimulator.Build.0 = Release|Any CPU
		{7E062B98-99F7-4E7A-ADCD-72D5032A0CD5}.Debug|Any CPU.ActiveCfg = Debug|Any CPU
		{7E062B98-99F7-4E7A-ADCD-72D5032A0CD5}.Debug|Any CPU.Build.0 = Debug|Any CPU
		{7E062B98-99F7-4E7A-ADCD-72D5032A0CD5}.Debug|iPhone.ActiveCfg = Debug|Any CPU
		{7E062B98-99F7-4E7A-ADCD-72D5032A0CD5}.Debug|iPhone.Build.0 = Debug|Any CPU
		{7E062B98-99F7-4E7A-ADCD-72D5032A0CD5}.Debug|iPhoneSimulator.ActiveCfg = Debug|Any CPU
		{7E062B98-99F7-4E7A-ADCD-72D5032A0CD5}.Debug|iPhoneSimulator.Build.0 = Debug|Any CPU
		{7E062B98-99F7-4E7A-ADCD-72D5032A0CD5}.Release|Any CPU.ActiveCfg = Release|Any CPU
		{7E062B98-99F7-4E7A-ADCD-72D5032A0CD5}.Release|Any CPU.Build.0 = Release|Any CPU
		{7E062B98-99F7-4E7A-ADCD-72D5032A0CD5}.Release|iPhone.ActiveCfg = Release|Any CPU
		{7E062B98-99F7-4E7A-ADCD-72D5032A0CD5}.Release|iPhone.Build.0 = Release|Any CPU
		{7E062B98-99F7-4E7A-ADCD-72D5032A0CD5}.Release|iPhoneSimulator.ActiveCfg = Release|Any CPU
		{7E062B98-99F7-4E7A-ADCD-72D5032A0CD5}.Release|iPhoneSimulator.Build.0 = Release|Any CPU
		{D963CC13-1083-4C59-9C0E-A3B6C1D749F2}.Ad-Hoc|Any CPU.ActiveCfg = Release|Any CPU
		{D963CC13-1083-4C59-9C0E-A3B6C1D749F2}.Ad-Hoc|Any CPU.Build.0 = Release|Any CPU
		{D963CC13-1083-4C59-9C0E-A3B6C1D749F2}.Ad-Hoc|iPhone.ActiveCfg = Release|Any CPU
		{D963CC13-1083-4C59-9C0E-A3B6C1D749F2}.Ad-Hoc|iPhone.Build.0 = Release|Any CPU
		{D963CC13-1083-4C59-9C0E-A3B6C1D749F2}.Ad-Hoc|iPhoneSimulator.ActiveCfg = Release|Any CPU
		{D963CC13-1083-4C59-9C0E-A3B6C1D749F2}.Ad-Hoc|iPhoneSimulator.Build.0 = Release|Any CPU
		{D963CC13-1083-4C59-9C0E-A3B6C1D749F2}.AppStore|Any CPU.ActiveCfg = Release|Any CPU
		{D963CC13-1083-4C59-9C0E-A3B6C1D749F2}.AppStore|Any CPU.Build.0 = Release|Any CPU
		{D963CC13-1083-4C59-9C0E-A3B6C1D749F2}.AppStore|iPhone.ActiveCfg = Release|Any CPU
		{D963CC13-1083-4C59-9C0E-A3B6C1D749F2}.AppStore|iPhone.Build.0 = Release|Any CPU
		{D963CC13-1083-4C59-9C0E-A3B6C1D749F2}.AppStore|iPhoneSimulator.ActiveCfg = Release|Any CPU
		{D963CC13-1083-4C59-9C0E-A3B6C1D749F2}.AppStore|iPhoneSimulator.Build.0 = Release|Any CPU
		{D963CC13-1083-4C59-9C0E-A3B6C1D749F2}.Debug|Any CPU.ActiveCfg = Debug|Any CPU
		{D963CC13-1083-4C59-9C0E-A3B6C1D749F2}.Debug|Any CPU.Build.0 = Debug|Any CPU
		{D963CC13-1083-4C59-9C0E-A3B6C1D749F2}.Debug|iPhone.ActiveCfg = Debug|Any CPU
		{D963CC13-1083-4C59-9C0E-A3B6C1D749F2}.Debug|iPhone.Build.0 = Debug|Any CPU
		{D963CC13-1083-4C59-9C0E-A3B6C1D749F2}.Debug|iPhoneSimulator.ActiveCfg = Debug|Any CPU
		{D963CC13-1083-4C59-9C0E-A3B6C1D749F2}.Debug|iPhoneSimulator.Build.0 = Debug|Any CPU
		{D963CC13-1083-4C59-9C0E-A3B6C1D749F2}.Release|Any CPU.ActiveCfg = Release|Any CPU
		{D963CC13-1083-4C59-9C0E-A3B6C1D749F2}.Release|Any CPU.Build.0 = Release|Any CPU
		{D963CC13-1083-4C59-9C0E-A3B6C1D749F2}.Release|iPhone.ActiveCfg = Release|Any CPU
		{D963CC13-1083-4C59-9C0E-A3B6C1D749F2}.Release|iPhone.Build.0 = Release|Any CPU
		{D963CC13-1083-4C59-9C0E-A3B6C1D749F2}.Release|iPhoneSimulator.ActiveCfg = Release|Any CPU
		{D963CC13-1083-4C59-9C0E-A3B6C1D749F2}.Release|iPhoneSimulator.Build.0 = Release|Any CPU
	EndGlobalSection
	GlobalSection(SolutionProperties) = preSolution
		HideSolutionNode = FALSE
	EndGlobalSection
EndGlobal
